
Microsoft Visual Studio Solution File, Format Version 12.00
# Visual Studio 15
Project("{FAE04EC0-301F-11D3-BF4B-00C04F79EFBC}") = "PDG2_VR", "Assembly-CSharp.csproj", "{7912217E-5213-BED9-FE50-DAA6C35CA53A}"
EndProject
Project("{FAE04EC0-301F-11D3-BF4B-00C04F79EFBC}") = "PDG2_VR", "Assembly-CSharp-Editor.csproj", "{1AC38F03-C154-6703-E94F-DC98BFFDCF48}"
EndProject
Global
	GlobalSection(SolutionConfigurationPlatforms) = preSolution
		Debug|Any CPU = Debug|Any CPU
		Release|Any CPU = Release|Any CPU
	EndGlobalSection
	GlobalSection(ProjectConfigurationPlatforms) = postSolution
		{7912217E-5213-BED9-FE50-DAA6C35CA53A}.Debug|Any CPU.ActiveCfg = Debug|Any CPU
		{7912217E-5213-BED9-FE50-DAA6C35CA53A}.Debug|Any CPU.Build.0 = Debug|Any CPU
		{7912217E-5213-BED9-FE50-DAA6C35CA53A}.Release|Any CPU.ActiveCfg = Release|Any CPU
		{7912217E-5213-BED9-FE50-DAA6C35CA53A}.Release|Any CPU.Build.0 = Release|Any CPU
		{1AC38F03-C154-6703-E94F-DC98BFFDCF48}.Debug|Any CPU.ActiveCfg = Debug|Any CPU
		{1AC38F03-C154-6703-E94F-DC98BFFDCF48}.Debug|Any CPU.Build.0 = Debug|Any CPU
		{1AC38F03-C154-6703-E94F-DC98BFFDCF48}.Release|Any CPU.ActiveCfg = Release|Any CPU
		{1AC38F03-C154-6703-E94F-DC98BFFDCF48}.Release|Any CPU.Build.0 = Release|Any CPU
	EndGlobalSection
	GlobalSection(SolutionProperties) = preSolution
		HideSolutionNode = FALSE
	EndGlobalSection
EndGlobal
